// !$*UTF8*$!
{
	archiveVersion = 1;
	classes = {
	};
	objectVersion = 55;
	objects = {

/* Begin PBXBuildFile section */
		8F9BDABB28E55F3300C8FD14 /* AppDelegate.swift in Sources */ = {isa = PBXBuildFile; fileRef = 8F9BDABA28E55F3300C8FD14 /* AppDelegate.swift */; };
		8F9BDABD28E55F3300C8FD14 /* SceneDelegate.swift in Sources */ = {isa = PBXBuildFile; fileRef = 8F9BDABC28E55F3300C8FD14 /* SceneDelegate.swift */; };
		8F9BDABF28E55F3300C8FD14 /* ViewController.swift in Sources */ = {isa = PBXBuildFile; fileRef = 8F9BDABE28E55F3300C8FD14 /* ViewController.swift */; };
		8F9BDAC228E55F3300C8FD14 /* Main.storyboard in Resources */ = {isa = PBXBuildFile; fileRef = 8F9BDAC028E55F3300C8FD14 /* Main.storyboard */; };
		8F9BDAC428E55F3400C8FD14 /* Assets.xcassets in Resources */ = {isa = PBXBuildFile; fileRef = 8F9BDAC328E55F3400C8FD14 /* Assets.xcassets */; };
		8F9BDAC728E55F3400C8FD14 /* LaunchScreen.storyboard in Resources */ = {isa = PBXBuildFile; fileRef = 8F9BDAC528E55F3400C8FD14 /* LaunchScreen.storyboard */; };
		8F9BDAD128E5606700C8FD14 /* HomeViewController.swift in Sources */ = {isa = PBXBuildFile; fileRef = 8F9BDACF28E5606700C8FD14 /* HomeViewController.swift */; };
		8F9BDAD228E5606700C8FD14 /* HomeViewController.xib in Resources */ = {isa = PBXBuildFile; fileRef = 8F9BDAD028E5606700C8FD14 /* HomeViewController.xib */; };
		8F9BDAD628E5658600C8FD14 /* BaseViewController.swift in Sources */ = {isa = PBXBuildFile; fileRef = 8F9BDAD428E5658600C8FD14 /* BaseViewController.swift */; };
		8F9BDAD728E5658600C8FD14 /* BaseViewController.xib in Resources */ = {isa = PBXBuildFile; fileRef = 8F9BDAD528E5658600C8FD14 /* BaseViewController.xib */; };
		8F9BDADB28E566AE00C8FD14 /* AddSubViewController.swift in Sources */ = {isa = PBXBuildFile; fileRef = 8F9BDAD928E566AE00C8FD14 /* AddSubViewController.swift */; };
		8F9BDADC28E566AE00C8FD14 /* AddSubViewController.xib in Resources */ = {isa = PBXBuildFile; fileRef = 8F9BDADA28E566AE00C8FD14 /* AddSubViewController.xib */; };
		8F9BDAE628E56C6000C8FD14 /* Date.swift in Sources */ = {isa = PBXBuildFile; fileRef = 8F9BDADF28E56C6000C8FD14 /* Date.swift */; };
		8F9BDAE728E56C6000C8FD14 /* UIColor.swift in Sources */ = {isa = PBXBuildFile; fileRef = 8F9BDAE028E56C6000C8FD14 /* UIColor.swift */; };
		8F9BDAE828E56C6000C8FD14 /* String.swift in Sources */ = {isa = PBXBuildFile; fileRef = 8F9BDAE128E56C6000C8FD14 /* String.swift */; };
		8F9BDAE928E56C6000C8FD14 /* UIButton.swift in Sources */ = {isa = PBXBuildFile; fileRef = 8F9BDAE228E56C6000C8FD14 /* UIButton.swift */; };
		8F9BDAEA28E56C6000C8FD14 /* UIViewController.swift in Sources */ = {isa = PBXBuildFile; fileRef = 8F9BDAE328E56C6000C8FD14 /* UIViewController.swift */; };
		8F9BDAEB28E56C6000C8FD14 /* UINavigationBar.swift in Sources */ = {isa = PBXBuildFile; fileRef = 8F9BDAE428E56C6000C8FD14 /* UINavigationBar.swift */; };
		8F9BDAEC28E56C6000C8FD14 /* UIFont.swift in Sources */ = {isa = PBXBuildFile; fileRef = 8F9BDAE528E56C6000C8FD14 /* UIFont.swift */; };
		8F9BDAEE28E56C7E00C8FD14 /* IndicatorView.swift in Sources */ = {isa = PBXBuildFile; fileRef = 8F9BDAED28E56C7E00C8FD14 /* IndicatorView.swift */; };
		8F9BDAF028E56C8400C8FD14 /* Device.swift in Sources */ = {isa = PBXBuildFile; fileRef = 8F9BDAEF28E56C8400C8FD14 /* Device.swift */; };
/* End PBXBuildFile section */

/* Begin PBXFileReference section */
		8F9BDAB728E55F3300C8FD14 /* Certi.app */ = {isa = PBXFileReference; explicitFileType = wrapper.application; includeInIndex = 0; path = Certi.app; sourceTree = BUILT_PRODUCTS_DIR; };
		8F9BDABA28E55F3300C8FD14 /* AppDelegate.swift */ = {isa = PBXFileReference; lastKnownFileType = sourcecode.swift; path = AppDelegate.swift; sourceTree = "<group>"; };
		8F9BDABC28E55F3300C8FD14 /* SceneDelegate.swift */ = {isa = PBXFileReference; lastKnownFileType = sourcecode.swift; path = SceneDelegate.swift; sourceTree = "<group>"; };
		8F9BDABE28E55F3300C8FD14 /* ViewController.swift */ = {isa = PBXFileReference; lastKnownFileType = sourcecode.swift; path = ViewController.swift; sourceTree = "<group>"; };
		8F9BDAC128E55F3300C8FD14 /* Base */ = {isa = PBXFileReference; lastKnownFileType = file.storyboard; name = Base; path = Base.lproj/Main.storyboard; sourceTree = "<group>"; };
		8F9BDAC328E55F3400C8FD14 /* Assets.xcassets */ = {isa = PBXFileReference; lastKnownFileType = folder.assetcatalog; path = Assets.xcassets; sourceTree = "<group>"; };
		8F9BDAC628E55F3400C8FD14 /* Base */ = {isa = PBXFileReference; lastKnownFileType = file.storyboard; name = Base; path = Base.lproj/LaunchScreen.storyboard; sourceTree = "<group>"; };
		8F9BDAC828E55F3400C8FD14 /* Info.plist */ = {isa = PBXFileReference; lastKnownFileType = text.plist.xml; path = Info.plist; sourceTree = "<group>"; };
		8F9BDACF28E5606700C8FD14 /* HomeViewController.swift */ = {isa = PBXFileReference; lastKnownFileType = sourcecode.swift; path = HomeViewController.swift; sourceTree = "<group>"; };
		8F9BDAD028E5606700C8FD14 /* HomeViewController.xib */ = {isa = PBXFileReference; lastKnownFileType = file.xib; path = HomeViewController.xib; sourceTree = "<group>"; };
		8F9BDAD428E5658600C8FD14 /* BaseViewController.swift */ = {isa = PBXFileReference; lastKnownFileType = sourcecode.swift; path = BaseViewController.swift; sourceTree = "<group>"; };
		8F9BDAD528E5658600C8FD14 /* BaseViewController.xib */ = {isa = PBXFileReference; lastKnownFileType = file.xib; path = BaseViewController.xib; sourceTree = "<group>"; };
		8F9BDAD928E566AE00C8FD14 /* AddSubViewController.swift */ = {isa = PBXFileReference; lastKnownFileType = sourcecode.swift; path = AddSubViewController.swift; sourceTree = "<group>"; };
		8F9BDADA28E566AE00C8FD14 /* AddSubViewController.xib */ = {isa = PBXFileReference; lastKnownFileType = file.xib; path = AddSubViewController.xib; sourceTree = "<group>"; };
		8F9BDADF28E56C6000C8FD14 /* Date.swift */ = {isa = PBXFileReference; fileEncoding = 4; lastKnownFileType = sourcecode.swift; path = Date.swift; sourceTree = "<group>"; };
		8F9BDAE028E56C6000C8FD14 /* UIColor.swift */ = {isa = PBXFileReference; fileEncoding = 4; lastKnownFileType = sourcecode.swift; path = UIColor.swift; sourceTree = "<group>"; };
		8F9BDAE128E56C6000C8FD14 /* String.swift */ = {isa = PBXFileReference; fileEncoding = 4; lastKnownFileType = sourcecode.swift; path = String.swift; sourceTree = "<group>"; };
		8F9BDAE228E56C6000C8FD14 /* UIButton.swift */ = {isa = PBXFileReference; fileEncoding = 4; lastKnownFileType = sourcecode.swift; path = UIButton.swift; sourceTree = "<group>"; };
		8F9BDAE328E56C6000C8FD14 /* UIViewController.swift */ = {isa = PBXFileReference; fileEncoding = 4; lastKnownFileType = sourcecode.swift; path = UIViewController.swift; sourceTree = "<group>"; };
		8F9BDAE428E56C6000C8FD14 /* UINavigationBar.swift */ = {isa = PBXFileReference; fileEncoding = 4; lastKnownFileType = sourcecode.swift; path = UINavigationBar.swift; sourceTree = "<group>"; };
		8F9BDAE528E56C6000C8FD14 /* UIFont.swift */ = {isa = PBXFileReference; fileEncoding = 4; lastKnownFileType = sourcecode.swift; path = UIFont.swift; sourceTree = "<group>"; };
		8F9BDAED28E56C7E00C8FD14 /* IndicatorView.swift */ = {isa = PBXFileReference; fileEncoding = 4; lastKnownFileType = sourcecode.swift; path = IndicatorView.swift; sourceTree = "<group>"; };
		8F9BDAEF28E56C8400C8FD14 /* Device.swift */ = {isa = PBXFileReference; fileEncoding = 4; lastKnownFileType = sourcecode.swift; path = Device.swift; sourceTree = "<group>"; };
/* End PBXFileReference section */

/* Begin PBXFrameworksBuildPhase section */
		8F9BDAB428E55F3300C8FD14 /* Frameworks */ = {
			isa = PBXFrameworksBuildPhase;
			buildActionMask = 2147483647;
			files = (
			);
			runOnlyForDeploymentPostprocessing = 0;
		};
/* End PBXFrameworksBuildPhase section */

/* Begin PBXGroup section */
		8F9BDAAE28E55F3300C8FD14 = {
			isa = PBXGroup;
			children = (
				8F9BDAB928E55F3300C8FD14 /* Certi */,
				8F9BDAB828E55F3300C8FD14 /* Products */,
			);
			sourceTree = "<group>";
		};
		8F9BDAB828E55F3300C8FD14 /* Products */ = {
			isa = PBXGroup;
			children = (
				8F9BDAB728E55F3300C8FD14 /* Certi.app */,
			);
			name = Products;
			sourceTree = "<group>";
		};
		8F9BDAB928E55F3300C8FD14 /* Certi */ = {
			isa = PBXGroup;
			children = (
				8F9BDADD28E56C5200C8FD14 /* Util */,
				8F9BDAD328E5657400C8FD14 /* Base */,
				8F9BDAD828E5669400C8FD14 /* AddSub */,
				8F9BDACE28E5605300C8FD14 /* Home */,
				8F9BDABA28E55F3300C8FD14 /* AppDelegate.swift */,
				8F9BDABC28E55F3300C8FD14 /* SceneDelegate.swift */,
				8F9BDABE28E55F3300C8FD14 /* ViewController.swift */,
				8F9BDAC028E55F3300C8FD14 /* Main.storyboard */,
				8F9BDAC328E55F3400C8FD14 /* Assets.xcassets */,
				8F9BDAC528E55F3400C8FD14 /* LaunchScreen.storyboard */,
				8F9BDAC828E55F3400C8FD14 /* Info.plist */,
			);
			path = Certi;
			sourceTree = "<group>";
		};
		8F9BDACE28E5605300C8FD14 /* Home */ = {
			isa = PBXGroup;
			children = (
				8F9BDACF28E5606700C8FD14 /* HomeViewController.swift */,
				8F9BDAD028E5606700C8FD14 /* HomeViewController.xib */,
			);
			path = Home;
			sourceTree = "<group>";
		};
		8F9BDAD328E5657400C8FD14 /* Base */ = {
			isa = PBXGroup;
			children = (
				8F9BDAD428E5658600C8FD14 /* BaseViewController.swift */,
				8F9BDAD528E5658600C8FD14 /* BaseViewController.xib */,
			);
			path = Base;
			sourceTree = "<group>";
		};
		8F9BDAD828E5669400C8FD14 /* AddSub */ = {
			isa = PBXGroup;
			children = (
				8F9BDAD928E566AE00C8FD14 /* AddSubViewController.swift */,
				8F9BDADA28E566AE00C8FD14 /* AddSubViewController.xib */,
			);
			path = AddSub;
			sourceTree = "<group>";
		};
		8F9BDADD28E56C5200C8FD14 /* Util */ = {
			isa = PBXGroup;
			children = (
				8F9BDAED28E56C7E00C8FD14 /* IndicatorView.swift */,
				8F9BDAEF28E56C8400C8FD14 /* Device.swift */,
				8F9BDADE28E56C6000C8FD14 /* Extension */,
			);
			path = Util;
			sourceTree = "<group>";
		};
		8F9BDADE28E56C6000C8FD14 /* Extension */ = {
			isa = PBXGroup;
			children = (
				8F9BDADF28E56C6000C8FD14 /* Date.swift */,
				8F9BDAE028E56C6000C8FD14 /* UIColor.swift */,
				8F9BDAE128E56C6000C8FD14 /* String.swift */,
				8F9BDAE228E56C6000C8FD14 /* UIButton.swift */,
				8F9BDAE328E56C6000C8FD14 /* UIViewController.swift */,
				8F9BDAE428E56C6000C8FD14 /* UINavigationBar.swift */,
				8F9BDAE528E56C6000C8FD14 /* UIFont.swift */,
			);
			path = Extension;
			sourceTree = "<group>";
		};
/* End PBXGroup section */

/* Begin PBXNativeTarget section */
		8F9BDAB628E55F3300C8FD14 /* Certi */ = {
			isa = PBXNativeTarget;
			buildConfigurationList = 8F9BDACB28E55F3400C8FD14 /* Build configuration list for PBXNativeTarget "Certi" */;
			buildPhases = (
				8F9BDAB328E55F3300C8FD14 /* Sources */,
				8F9BDAB428E55F3300C8FD14 /* Frameworks */,
				8F9BDAB528E55F3300C8FD14 /* Resources */,
			);
			buildRules = (
			);
			dependencies = (
			);
			name = Certi;
			productName = Certi;
			productReference = 8F9BDAB728E55F3300C8FD14 /* Certi.app */;
			productType = "com.apple.product-type.application";
		};
/* End PBXNativeTarget section */

/* Begin PBXProject section */
		8F9BDAAF28E55F3300C8FD14 /* Project object */ = {
			isa = PBXProject;
			attributes = {
				BuildIndependentTargetsInParallel = 1;
				LastSwiftUpdateCheck = 1340;
				LastUpgradeCheck = 1340;
				TargetAttributes = {
					8F9BDAB628E55F3300C8FD14 = {
						CreatedOnToolsVersion = 13.4;
					};
				};
			};
			buildConfigurationList = 8F9BDAB228E55F3300C8FD14 /* Build configuration list for PBXProject "Certi" */;
			compatibilityVersion = "Xcode 13.0";
			developmentRegion = en;
			hasScannedForEncodings = 0;
			knownRegions = (
				en,
				Base,
			);
			mainGroup = 8F9BDAAE28E55F3300C8FD14;
			productRefGroup = 8F9BDAB828E55F3300C8FD14 /* Products */;
			projectDirPath = "";
			projectRoot = "";
			targets = (
				8F9BDAB628E55F3300C8FD14 /* Certi */,
			);
		};
/* End PBXProject section */

/* Begin PBXResourcesBuildPhase section */
		8F9BDAB528E55F3300C8FD14 /* Resources */ = {
			isa = PBXResourcesBuildPhase;
			buildActionMask = 2147483647;
			files = (
				8F9BDAC728E55F3400C8FD14 /* LaunchScreen.storyboard in Resources */,
				8F9BDADC28E566AE00C8FD14 /* AddSubViewController.xib in Resources */,
				8F9BDAD728E5658600C8FD14 /* BaseViewController.xib in Resources */,
				8F9BDAC428E55F3400C8FD14 /* Assets.xcassets in Resources */,
				8F9BDAC228E55F3300C8FD14 /* Main.storyboard in Resources */,
				8F9BDAD228E5606700C8FD14 /* HomeViewController.xib in Resources */,
			);
			runOnlyForDeploymentPostprocessing = 0;
		};
/* End PBXResourcesBuildPhase section */

/* Begin PBXSourcesBuildPhase section */
		8F9BDAB328E55F3300C8FD14 /* Sources */ = {
			isa = PBXSourcesBuildPhase;
			buildActionMask = 2147483647;
			files = (
				8F9BDAD628E5658600C8FD14 /* BaseViewController.swift in Sources */,
				8F9BDADB28E566AE00C8FD14 /* AddSubViewController.swift in Sources */,
				8F9BDAE628E56C6000C8FD14 /* Date.swift in Sources */,
				8F9BDAEB28E56C6000C8FD14 /* UINavigationBar.swift in Sources */,
				8F9BDAEA28E56C6000C8FD14 /* UIViewController.swift in Sources */,
				8F9BDAE828E56C6000C8FD14 /* String.swift in Sources */,
				8F9BDABF28E55F3300C8FD14 /* ViewController.swift in Sources */,
				8F9BDAE928E56C6000C8FD14 /* UIButton.swift in Sources */,
				8F9BDABB28E55F3300C8FD14 /* AppDelegate.swift in Sources */,
				8F9BDAF028E56C8400C8FD14 /* Device.swift in Sources */,
				8F9BDAEC28E56C6000C8FD14 /* UIFont.swift in Sources */,
				8F9BDAEE28E56C7E00C8FD14 /* IndicatorView.swift in Sources */,
				8F9BDAE728E56C6000C8FD14 /* UIColor.swift in Sources */,
				8F9BDABD28E55F3300C8FD14 /* SceneDelegate.swift in Sources */,
				8F9BDAD128E5606700C8FD14 /* HomeViewController.swift in Sources */,
			);
			runOnlyForDeploymentPostprocessing = 0;
		};
/* End PBXSourcesBuildPhase section */

/* Begin PBXVariantGroup section */
		8F9BDAC028E55F3300C8FD14 /* Main.storyboard */ = {
			isa = PBXVariantGroup;
			children = (
				8F9BDAC128E55F3300C8FD14 /* Base */,
			);
			name = Main.storyboard;
			sourceTree = "<group>";
		};
		8F9BDAC528E55F3400C8FD14 /* LaunchScreen.storyboard */ = {
			isa = PBXVariantGroup;
			children = (
				8F9BDAC628E55F3400C8FD14 /* Base */,
			);
			name = LaunchScreen.storyboard;
			sourceTree = "<group>";
		};
/* End PBXVariantGroup section */

/* Begin XCBuildConfiguration section */
		8F9BDAC928E55F3400C8FD14 /* Debug */ = {
			isa = XCBuildConfiguration;
			buildSettings = {
				ALWAYS_SEARCH_USER_PATHS = NO;
				CLANG_ANALYZER_NONNULL = YES;
				CLANG_ANALYZER_NUMBER_OBJECT_CONVERSION = YES_AGGRESSIVE;
				CLANG_CXX_LANGUAGE_STANDARD = "gnu++17";
				CLANG_ENABLE_MODULES = YES;
				CLANG_ENABLE_OBJC_ARC = YES;
				CLANG_ENABLE_OBJC_WEAK = YES;
				CLANG_WARN_BLOCK_CAPTURE_AUTORELEASING = YES;
				CLANG_WARN_BOOL_CONVERSION = YES;
				CLANG_WARN_COMMA = YES;
				CLANG_WARN_CONSTANT_CONVERSION = YES;
				CLANG_WARN_DEPRECATED_OBJC_IMPLEMENTATIONS = YES;
				CLANG_WARN_DIRECT_OBJC_ISA_USAGE = YES_ERROR;
				CLANG_WARN_DOCUMENTATION_COMMENTS = YES;
				CLANG_WARN_EMPTY_BODY = YES;
				CLANG_WARN_ENUM_CONVERSION = YES;
				CLANG_WARN_INFINITE_RECURSION = YES;
				CLANG_WARN_INT_CONVERSION = YES;
				CLANG_WARN_NON_LITERAL_NULL_CONVERSION = YES;
				CLANG_WARN_OBJC_IMPLICIT_RETAIN_SELF = YES;
				CLANG_WARN_OBJC_LITERAL_CONVERSION = YES;
				CLANG_WARN_OBJC_ROOT_CLASS = YES_ERROR;
				CLANG_WARN_QUOTED_INCLUDE_IN_FRAMEWORK_HEADER = YES;
				CLANG_WARN_RANGE_LOOP_ANALYSIS = YES;
				CLANG_WARN_STRICT_PROTOTYPES = YES;
				CLANG_WARN_SUSPICIOUS_MOVE = YES;
				CLANG_WARN_UNGUARDED_AVAILABILITY = YES_AGGRESSIVE;
				CLANG_WARN_UNREACHABLE_CODE = YES;
				CLANG_WARN__DUPLICATE_METHOD_MATCH = YES;
				COPY_PHASE_STRIP = NO;
				DEBUG_INFORMATION_FORMAT = dwarf;
				ENABLE_STRICT_OBJC_MSGSEND = YES;
				ENABLE_TESTABILITY = YES;
				GCC_C_LANGUAGE_STANDARD = gnu11;
				GCC_DYNAMIC_NO_PIC = NO;
				GCC_NO_COMMON_BLOCKS = YES;
				GCC_OPTIMIZATION_LEVEL = 0;
				GCC_PREPROCESSOR_DEFINITIONS = (
					"DEBUG=1",
					"$(inherited)",
				);
				GCC_WARN_64_TO_32_BIT_CONVERSION = YES;
				GCC_WARN_ABOUT_RETURN_TYPE = YES_ERROR;
				GCC_WARN_UNDECLARED_SELECTOR = YES;
				GCC_WARN_UNINITIALIZED_AUTOS = YES_AGGRESSIVE;
				GCC_WARN_UNUSED_FUNCTION = YES;
				GCC_WARN_UNUSED_VARIABLE = YES;
				IPHONEOS_DEPLOYMENT_TARGET = 15.5;
				MTL_ENABLE_DEBUG_INFO = INCLUDE_SOURCE;
				MTL_FAST_MATH = YES;
				ONLY_ACTIVE_ARCH = YES;
				SDKROOT = iphoneos;
				SWIFT_ACTIVE_COMPILATION_CONDITIONS = DEBUG;
				SWIFT_OPTIMIZATION_LEVEL = "-Onone";
			};
			name = Debug;
		};
		8F9BDACA28E55F3400C8FD14 /* Release */ = {
			isa = XCBuildConfiguration;
			buildSettings = {
				ALWAYS_SEARCH_USER_PATHS = NO;
				CLANG_ANALYZER_NONNULL = YES;
				CLANG_ANALYZER_NUMBER_OBJECT_CONVERSION = YES_AGGRESSIVE;
				CLANG_CXX_LANGUAGE_STANDARD = "gnu++17";
				CLANG_ENABLE_MODULES = YES;
				CLANG_ENABLE_OBJC_ARC = YES;
				CLANG_ENABLE_OBJC_WEAK = YES;
				CLANG_WARN_BLOCK_CAPTURE_AUTORELEASING = YES;
				CLANG_WARN_BOOL_CONVERSION = YES;
				CLANG_WARN_COMMA = YES;
				CLANG_WARN_CONSTANT_CONVERSION = YES;
				CLANG_WARN_DEPRECATED_OBJC_IMPLEMENTATIONS = YES;
				CLANG_WARN_DIRECT_OBJC_ISA_USAGE = YES_ERROR;
				CLANG_WARN_DOCUMENTATION_COMMENTS = YES;
				CLANG_WARN_EMPTY_BODY = YES;
				CLANG_WARN_ENUM_CONVERSION = YES;
				CLANG_WARN_INFINITE_RECURSION = YES;
				CLANG_WARN_INT_CONVERSION = YES;
				CLANG_WARN_NON_LITERAL_NULL_CONVERSION = YES;
				CLANG_WARN_OBJC_IMPLICIT_RETAIN_SELF = YES;
				CLANG_WARN_OBJC_LITERAL_CONVERSION = YES;
				CLANG_WARN_OBJC_ROOT_CLASS = YES_ERROR;
				CLANG_WARN_QUOTED_INCLUDE_IN_FRAMEWORK_HEADER = YES;
				CLANG_WARN_RANGE_LOOP_ANALYSIS = YES;
				CLANG_WARN_STRICT_PROTOTYPES = YES;
				CLANG_WARN_SUSPICIOUS_MOVE = YES;
				CLANG_WARN_UNGUARDED_AVAILABILITY = YES_AGGRESSIVE;
				CLANG_WARN_UNREACHABLE_CODE = YES;
				CLANG_WARN__DUPLICATE_METHOD_MATCH = YES;
				COPY_PHASE_STRIP = NO;
				DEBUG_INFORMATION_FORMAT = "dwarf-with-dsym";
				ENABLE_NS_ASSERTIONS = NO;
				ENABLE_STRICT_OBJC_MSGSEND = YES;
				GCC_C_LANGUAGE_STANDARD = gnu11;
				GCC_NO_COMMON_BLOCKS = YES;
				GCC_WARN_64_TO_32_BIT_CONVERSION = YES;
				GCC_WARN_ABOUT_RETURN_TYPE = YES_ERROR;
				GCC_WARN_UNDECLARED_SELECTOR = YES;
				GCC_WARN_UNINITIALIZED_AUTOS = YES_AGGRESSIVE;
				GCC_WARN_UNUSED_FUNCTION = YES;
				GCC_WARN_UNUSED_VARIABLE = YES;
				IPHONEOS_DEPLOYMENT_TARGET = 15.5;
				MTL_ENABLE_DEBUG_INFO = NO;
				MTL_FAST_MATH = YES;
				SDKROOT = iphoneos;
				SWIFT_COMPILATION_MODE = wholemodule;
				SWIFT_OPTIMIZATION_LEVEL = "-O";
				VALIDATE_PRODUCT = YES;
			};
			name = Release;
		};
		8F9BDACC28E55F3400C8FD14 /* Debug */ = {
			isa = XCBuildConfiguration;
			buildSettings = {
				ASSETCATALOG_COMPILER_APPICON_NAME = AppIcon;
				ASSETCATALOG_COMPILER_GLOBAL_ACCENT_COLOR_NAME = AccentColor;
				CODE_SIGN_STYLE = Automatic;
				CURRENT_PROJECT_VERSION = 1;
				DEVELOPMENT_TEAM = J3VY94B3FG;
				GENERATE_INFOPLIST_FILE = YES;
				INFOPLIST_FILE = Certi/Info.plist;
				INFOPLIST_KEY_UIApplicationSupportsIndirectInputEvents = YES;
				INFOPLIST_KEY_UILaunchStoryboardName = LaunchScreen;
				INFOPLIST_KEY_UISupportedInterfaceOrientations_iPad = "UIInterfaceOrientationPortrait UIInterfaceOrientationPortraitUpsideDown UIInterfaceOrientationLandscapeLeft UIInterfaceOrientationLandscapeRight";
				INFOPLIST_KEY_UISupportedInterfaceOrientations_iPhone = "UIInterfaceOrientationPortrait UIInterfaceOrientationLandscapeLeft UIInterfaceOrientationLandscapeRight";
				LD_RUNPATH_SEARCH_PATHS = (
					"$(inherited)",
					"@executable_path/Frameworks",
				);
				MARKETING_VERSION = 1.0;
				PRODUCT_BUNDLE_IDENTIFIER = com.ahneve.Certi;
				PRODUCT_NAME = "$(TARGET_NAME)";
				SWIFT_EMIT_LOC_STRINGS = YES;
				SWIFT_VERSION = 5.0;
				TARGETED_DEVICE_FAMILY = "1,2";
			};
			name = Debug;
		};
		8F9BDACD28E55F3400C8FD14 /* Release */ = {
			isa = XCBuildConfiguration;
			buildSettings = {
				ASSETCATALOG_COMPILER_APPICON_NAME = AppIcon;
				ASSETCATALOG_COMPILER_GLOBAL_ACCENT_COLOR_NAME = AccentColor;
				CODE_SIGN_STYLE = Automatic;
				CURRENT_PROJECT_VERSION = 1;
				DEVELOPMENT_TEAM = J3VY94B3FG;
				GENERATE_INFOPLIST_FILE = YES;
				INFOPLIST_FILE = Certi/Info.plist;
				INFOPLIST_KEY_UIApplicationSupportsIndirectInputEvents = YES;
				INFOPLIST_KEY_UILaunchStoryboardName = LaunchScreen;
				INFOPLIST_KEY_UISupportedInterfaceOrientations_iPad = "UIInterfaceOrientationPortrait UIInterfaceOrientationPortraitUpsideDown UIInterfaceOrientationLandscapeLeft UIInterfaceOrientationLandscapeRight";
				INFOPLIST_KEY_UISupportedInterfaceOrientations_iPhone = "UIInterfaceOrientationPortrait UIInterfaceOrientationLandscapeLeft UIInterfaceOrientationLandscapeRight";
				LD_RUNPATH_SEARCH_PATHS = (
					"$(inherited)",
					"@executable_path/Frameworks",
				);
				MARKETING_VERSION = 1.0;
				PRODUCT_BUNDLE_IDENTIFIER = com.ahneve.Certi;
				PRODUCT_NAME = "$(TARGET_NAME)";
				SWIFT_EMIT_LOC_STRINGS = YES;
				SWIFT_VERSION = 5.0;
				TARGETED_DEVICE_FAMILY = "1,2";
			};
			name = Release;
		};
/* End XCBuildConfiguration section */

/* Begin XCConfigurationList section */
		8F9BDAB228E55F3300C8FD14 /* Build configuration list for PBXProject "Certi" */ = {
			isa = XCConfigurationList;
			buildConfigurations = (
				8F9BDAC928E55F3400C8FD14 /* Debug */,
				8F9BDACA28E55F3400C8FD14 /* Release */,
			);
			defaultConfigurationIsVisible = 0;
			defaultConfigurationName = Release;
		};
		8F9BDACB28E55F3400C8FD14 /* Build configuration list for PBXNativeTarget "Certi" */ = {
			isa = XCConfigurationList;
			buildConfigurations = (
				8F9BDACC28E55F3400C8FD14 /* Debug */,
				8F9BDACD28E55F3400C8FD14 /* Release */,
			);
			defaultConfigurationIsVisible = 0;
			defaultConfigurationName = Release;
		};
/* End XCConfigurationList section */
	};
	rootObject = 8F9BDAAF28E55F3300C8FD14 /* Project object */;
}
