// !$*UTF8*$!
{
	archiveVersion = 1;
	classes = {
	};
	objectVersion = 55;
	objects = {

/* Begin PBXBuildFile section */
		5B5C9FA442C3DC6C059A8E1E /* Pods_Certi_012.framework in Frameworks */ = {isa = PBXBuildFile; fileRef = 968E4CB6323E9DF9E98E7458 /* Pods_Certi_012.framework */; };
		8F9BDAFE28E57BCA00C8FD14 /* AppDelegate.swift in Sources */ = {isa = PBXBuildFile; fileRef = 8F9BDAFD28E57BCA00C8FD14 /* AppDelegate.swift */; };
		8F9BDB0028E57BCA00C8FD14 /* SceneDelegate.swift in Sources */ = {isa = PBXBuildFile; fileRef = 8F9BDAFF28E57BCA00C8FD14 /* SceneDelegate.swift */; };
		8F9BDB0228E57BCA00C8FD14 /* ViewController.swift in Sources */ = {isa = PBXBuildFile; fileRef = 8F9BDB0128E57BCA00C8FD14 /* ViewController.swift */; };
		8F9BDB0528E57BCA00C8FD14 /* Main.storyboard in Resources */ = {isa = PBXBuildFile; fileRef = 8F9BDB0328E57BCA00C8FD14 /* Main.storyboard */; };
		8F9BDB0728E57BCB00C8FD14 /* Assets.xcassets in Resources */ = {isa = PBXBuildFile; fileRef = 8F9BDB0628E57BCB00C8FD14 /* Assets.xcassets */; };
		8F9BDB0A28E57BCB00C8FD14 /* LaunchScreen.storyboard in Resources */ = {isa = PBXBuildFile; fileRef = 8F9BDB0828E57BCB00C8FD14 /* LaunchScreen.storyboard */; };
		8F9BDB1528E57C2200C8FD14 /* HomeViewController.xib in Resources */ = {isa = PBXBuildFile; fileRef = 8F9BDB1328E57C2200C8FD14 /* HomeViewController.xib */; };
		8F9BDB1628E57C2200C8FD14 /* HomeViewController.swift in Sources */ = {isa = PBXBuildFile; fileRef = 8F9BDB1428E57C2200C8FD14 /* HomeViewController.swift */; };
		8F9BDB1A28E57C2700C8FD14 /* AddSubViewController.swift in Sources */ = {isa = PBXBuildFile; fileRef = 8F9BDB1828E57C2700C8FD14 /* AddSubViewController.swift */; };
		8F9BDB1B28E57C2700C8FD14 /* AddSubViewController.xib in Resources */ = {isa = PBXBuildFile; fileRef = 8F9BDB1928E57C2700C8FD14 /* AddSubViewController.xib */; };
		8F9BDB1F28E57C2B00C8FD14 /* BaseViewController.swift in Sources */ = {isa = PBXBuildFile; fileRef = 8F9BDB1D28E57C2B00C8FD14 /* BaseViewController.swift */; };
		8F9BDB2028E57C2B00C8FD14 /* BaseViewController.xib in Resources */ = {isa = PBXBuildFile; fileRef = 8F9BDB1E28E57C2B00C8FD14 /* BaseViewController.xib */; };
		8F9BDB2C28E57C3000C8FD14 /* IndicatorView.swift in Sources */ = {isa = PBXBuildFile; fileRef = 8F9BDB2228E57C3000C8FD14 /* IndicatorView.swift */; };
		8F9BDB2D28E57C3000C8FD14 /* Date.swift in Sources */ = {isa = PBXBuildFile; fileRef = 8F9BDB2428E57C3000C8FD14 /* Date.swift */; };
		8F9BDB2E28E57C3000C8FD14 /* UIColor.swift in Sources */ = {isa = PBXBuildFile; fileRef = 8F9BDB2528E57C3000C8FD14 /* UIColor.swift */; };
		8F9BDB2F28E57C3000C8FD14 /* String.swift in Sources */ = {isa = PBXBuildFile; fileRef = 8F9BDB2628E57C3000C8FD14 /* String.swift */; };
		8F9BDB3028E57C3000C8FD14 /* UIButton.swift in Sources */ = {isa = PBXBuildFile; fileRef = 8F9BDB2728E57C3000C8FD14 /* UIButton.swift */; };
		8F9BDB3128E57C3000C8FD14 /* UIViewController.swift in Sources */ = {isa = PBXBuildFile; fileRef = 8F9BDB2828E57C3000C8FD14 /* UIViewController.swift */; };
		8F9BDB3228E57C3000C8FD14 /* UINavigationBar.swift in Sources */ = {isa = PBXBuildFile; fileRef = 8F9BDB2928E57C3000C8FD14 /* UINavigationBar.swift */; };
		8F9BDB3328E57C3000C8FD14 /* UIFont.swift in Sources */ = {isa = PBXBuildFile; fileRef = 8F9BDB2A28E57C3000C8FD14 /* UIFont.swift */; };
		8F9BDB3428E57C3000C8FD14 /* Device.swift in Sources */ = {isa = PBXBuildFile; fileRef = 8F9BDB2B28E57C3000C8FD14 /* Device.swift */; };
/* End PBXBuildFile section */

/* Begin PBXFileReference section */
		07C39CA4E89A269AA05AFFF8 /* Pods-Certi_012.debug.xcconfig */ = {isa = PBXFileReference; includeInIndex = 1; lastKnownFileType = text.xcconfig; name = "Pods-Certi_012.debug.xcconfig"; path = "Target Support Files/Pods-Certi_012/Pods-Certi_012.debug.xcconfig"; sourceTree = "<group>"; };
		0C4FB3B4D50446C4782AB9F9 /* Pods-Certi_012.release.xcconfig */ = {isa = PBXFileReference; includeInIndex = 1; lastKnownFileType = text.xcconfig; name = "Pods-Certi_012.release.xcconfig"; path = "Target Support Files/Pods-Certi_012/Pods-Certi_012.release.xcconfig"; sourceTree = "<group>"; };
		8F9BDAFA28E57BCA00C8FD14 /* Certi_012.app */ = {isa = PBXFileReference; explicitFileType = wrapper.application; includeInIndex = 0; path = Certi_012.app; sourceTree = BUILT_PRODUCTS_DIR; };
		8F9BDAFD28E57BCA00C8FD14 /* AppDelegate.swift */ = {isa = PBXFileReference; lastKnownFileType = sourcecode.swift; path = AppDelegate.swift; sourceTree = "<group>"; };
		8F9BDAFF28E57BCA00C8FD14 /* SceneDelegate.swift */ = {isa = PBXFileReference; lastKnownFileType = sourcecode.swift; path = SceneDelegate.swift; sourceTree = "<group>"; };
		8F9BDB0128E57BCA00C8FD14 /* ViewController.swift */ = {isa = PBXFileReference; lastKnownFileType = sourcecode.swift; path = ViewController.swift; sourceTree = "<group>"; };
		8F9BDB0428E57BCA00C8FD14 /* Base */ = {isa = PBXFileReference; lastKnownFileType = file.storyboard; name = Base; path = Base.lproj/Main.storyboard; sourceTree = "<group>"; };
		8F9BDB0628E57BCB00C8FD14 /* Assets.xcassets */ = {isa = PBXFileReference; lastKnownFileType = folder.assetcatalog; path = Assets.xcassets; sourceTree = "<group>"; };
		8F9BDB0928E57BCB00C8FD14 /* Base */ = {isa = PBXFileReference; lastKnownFileType = file.storyboard; name = Base; path = Base.lproj/LaunchScreen.storyboard; sourceTree = "<group>"; };
		8F9BDB0B28E57BCB00C8FD14 /* Info.plist */ = {isa = PBXFileReference; lastKnownFileType = text.plist.xml; path = Info.plist; sourceTree = "<group>"; };
		8F9BDB1328E57C2200C8FD14 /* HomeViewController.xib */ = {isa = PBXFileReference; fileEncoding = 4; lastKnownFileType = file.xib; path = HomeViewController.xib; sourceTree = "<group>"; };
		8F9BDB1428E57C2200C8FD14 /* HomeViewController.swift */ = {isa = PBXFileReference; fileEncoding = 4; lastKnownFileType = sourcecode.swift; path = HomeViewController.swift; sourceTree = "<group>"; };
		8F9BDB1828E57C2700C8FD14 /* AddSubViewController.swift */ = {isa = PBXFileReference; fileEncoding = 4; lastKnownFileType = sourcecode.swift; path = AddSubViewController.swift; sourceTree = "<group>"; };
		8F9BDB1928E57C2700C8FD14 /* AddSubViewController.xib */ = {isa = PBXFileReference; fileEncoding = 4; lastKnownFileType = file.xib; path = AddSubViewController.xib; sourceTree = "<group>"; };
		8F9BDB1D28E57C2B00C8FD14 /* BaseViewController.swift */ = {isa = PBXFileReference; fileEncoding = 4; lastKnownFileType = sourcecode.swift; path = BaseViewController.swift; sourceTree = "<group>"; };
		8F9BDB1E28E57C2B00C8FD14 /* BaseViewController.xib */ = {isa = PBXFileReference; fileEncoding = 4; lastKnownFileType = file.xib; path = BaseViewController.xib; sourceTree = "<group>"; };
		8F9BDB2228E57C3000C8FD14 /* IndicatorView.swift */ = {isa = PBXFileReference; fileEncoding = 4; lastKnownFileType = sourcecode.swift; path = IndicatorView.swift; sourceTree = "<group>"; };
		8F9BDB2428E57C3000C8FD14 /* Date.swift */ = {isa = PBXFileReference; fileEncoding = 4; lastKnownFileType = sourcecode.swift; path = Date.swift; sourceTree = "<group>"; };
		8F9BDB2528E57C3000C8FD14 /* UIColor.swift */ = {isa = PBXFileReference; fileEncoding = 4; lastKnownFileType = sourcecode.swift; path = UIColor.swift; sourceTree = "<group>"; };
		8F9BDB2628E57C3000C8FD14 /* String.swift */ = {isa = PBXFileReference; fileEncoding = 4; lastKnownFileType = sourcecode.swift; path = String.swift; sourceTree = "<group>"; };
		8F9BDB2728E57C3000C8FD14 /* UIButton.swift */ = {isa = PBXFileReference; fileEncoding = 4; lastKnownFileType = sourcecode.swift; path = UIButton.swift; sourceTree = "<group>"; };
		8F9BDB2828E57C3000C8FD14 /* UIViewController.swift */ = {isa = PBXFileReference; fileEncoding = 4; lastKnownFileType = sourcecode.swift; path = UIViewController.swift; sourceTree = "<group>"; };
		8F9BDB2928E57C3000C8FD14 /* UINavigationBar.swift */ = {isa = PBXFileReference; fileEncoding = 4; lastKnownFileType = sourcecode.swift; path = UINavigationBar.swift; sourceTree = "<group>"; };
		8F9BDB2A28E57C3000C8FD14 /* UIFont.swift */ = {isa = PBXFileReference; fileEncoding = 4; lastKnownFileType = sourcecode.swift; path = UIFont.swift; sourceTree = "<group>"; };
		8F9BDB2B28E57C3000C8FD14 /* Device.swift */ = {isa = PBXFileReference; fileEncoding = 4; lastKnownFileType = sourcecode.swift; path = Device.swift; sourceTree = "<group>"; };
		968E4CB6323E9DF9E98E7458 /* Pods_Certi_012.framework */ = {isa = PBXFileReference; explicitFileType = wrapper.framework; includeInIndex = 0; path = Pods_Certi_012.framework; sourceTree = BUILT_PRODUCTS_DIR; };
/* End PBXFileReference section */

/* Begin PBXFrameworksBuildPhase section */
		8F9BDAF728E57BCA00C8FD14 /* Frameworks */ = {
			isa = PBXFrameworksBuildPhase;
			buildActionMask = 2147483647;
			files = (
				5B5C9FA442C3DC6C059A8E1E /* Pods_Certi_012.framework in Frameworks */,
			);
			runOnlyForDeploymentPostprocessing = 0;
		};
/* End PBXFrameworksBuildPhase section */

/* Begin PBXGroup section */
		575E6A5AB136EC44FC685CC5 /* Pods */ = {
			isa = PBXGroup;
			children = (
				07C39CA4E89A269AA05AFFF8 /* Pods-Certi_012.debug.xcconfig */,
				0C4FB3B4D50446C4782AB9F9 /* Pods-Certi_012.release.xcconfig */,
			);
			name = Pods;
			path = Pods;
			sourceTree = "<group>";
		};
		8F9BDAF128E57BCA00C8FD14 = {
			isa = PBXGroup;
			children = (
				8F9BDAFC28E57BCA00C8FD14 /* Certi_012 */,
				8F9BDAFB28E57BCA00C8FD14 /* Products */,
				575E6A5AB136EC44FC685CC5 /* Pods */,
				A8414E64B2BD2F1FBA6755F3 /* Frameworks */,
			);
			sourceTree = "<group>";
		};
		8F9BDAFB28E57BCA00C8FD14 /* Products */ = {
			isa = PBXGroup;
			children = (
				8F9BDAFA28E57BCA00C8FD14 /* Certi_012.app */,
			);
			name = Products;
			sourceTree = "<group>";
		};
		8F9BDAFC28E57BCA00C8FD14 /* Certi_012 */ = {
			isa = PBXGroup;
			children = (
				8F9BDB2128E57C3000C8FD14 /* Util */,
				8F9BDB1C28E57C2B00C8FD14 /* Base */,
				8F9BDB1728E57C2700C8FD14 /* AddSub */,
				8F9BDB1228E57C2200C8FD14 /* Home */,
				8F9BDAFD28E57BCA00C8FD14 /* AppDelegate.swift */,
				8F9BDAFF28E57BCA00C8FD14 /* SceneDelegate.swift */,
				8F9BDB0128E57BCA00C8FD14 /* ViewController.swift */,
				8F9BDB0328E57BCA00C8FD14 /* Main.storyboard */,
				8F9BDB0628E57BCB00C8FD14 /* Assets.xcassets */,
				8F9BDB0828E57BCB00C8FD14 /* LaunchScreen.storyboard */,
				8F9BDB0B28E57BCB00C8FD14 /* Info.plist */,
			);
			path = Certi_012;
			sourceTree = "<group>";
		};
		8F9BDB1228E57C2200C8FD14 /* Home */ = {
			isa = PBXGroup;
			children = (
				8F9BDB1328E57C2200C8FD14 /* HomeViewController.xib */,
				8F9BDB1428E57C2200C8FD14 /* HomeViewController.swift */,
			);
			path = Home;
			sourceTree = "<group>";
		};
		8F9BDB1728E57C2700C8FD14 /* AddSub */ = {
			isa = PBXGroup;
			children = (
				8F9BDB1828E57C2700C8FD14 /* AddSubViewController.swift */,
				8F9BDB1928E57C2700C8FD14 /* AddSubViewController.xib */,
			);
			path = AddSub;
			sourceTree = "<group>";
		};
		8F9BDB1C28E57C2B00C8FD14 /* Base */ = {
			isa = PBXGroup;
			children = (
				8F9BDB1D28E57C2B00C8FD14 /* BaseViewController.swift */,
				8F9BDB1E28E57C2B00C8FD14 /* BaseViewController.xib */,
			);
			path = Base;
			sourceTree = "<group>";
		};
		8F9BDB2128E57C3000C8FD14 /* Util */ = {
			isa = PBXGroup;
			children = (
				8F9BDB2328E57C3000C8FD14 /* Extension */,
				8F9BDB2228E57C3000C8FD14 /* IndicatorView.swift */,
				8F9BDB2B28E57C3000C8FD14 /* Device.swift */,
			);
			path = Util;
			sourceTree = "<group>";
		};
		8F9BDB2328E57C3000C8FD14 /* Extension */ = {
			isa = PBXGroup;
			children = (
				8F9BDB2428E57C3000C8FD14 /* Date.swift */,
				8F9BDB2528E57C3000C8FD14 /* UIColor.swift */,
				8F9BDB2628E57C3000C8FD14 /* String.swift */,
				8F9BDB2728E57C3000C8FD14 /* UIButton.swift */,
				8F9BDB2828E57C3000C8FD14 /* UIViewController.swift */,
				8F9BDB2928E57C3000C8FD14 /* UINavigationBar.swift */,
				8F9BDB2A28E57C3000C8FD14 /* UIFont.swift */,
			);
			path = Extension;
			sourceTree = "<group>";
		};
		A8414E64B2BD2F1FBA6755F3 /* Frameworks */ = {
			isa = PBXGroup;
			children = (
				968E4CB6323E9DF9E98E7458 /* Pods_Certi_012.framework */,
			);
			name = Frameworks;
			sourceTree = "<group>";
		};
/* End PBXGroup section */

/* Begin PBXNativeTarget section */
		8F9BDAF928E57BCA00C8FD14 /* Certi_012 */ = {
			isa = PBXNativeTarget;
			buildConfigurationList = 8F9BDB0E28E57BCB00C8FD14 /* Build configuration list for PBXNativeTarget "Certi_012" */;
			buildPhases = (
				B48CF13ECC2C1C386EFDE837 /* [CP] Check Pods Manifest.lock */,
				8F9BDAF628E57BCA00C8FD14 /* Sources */,
				8F9BDAF728E57BCA00C8FD14 /* Frameworks */,
				8F9BDAF828E57BCA00C8FD14 /* Resources */,
				C49B68BA0EE257703DC106B3 /* [CP] Embed Pods Frameworks */,
			);
			buildRules = (
			);
			dependencies = (
			);
			name = Certi_012;
			productName = Certi_012;
			productReference = 8F9BDAFA28E57BCA00C8FD14 /* Certi_012.app */;
			productType = "com.apple.product-type.application";
		};
/* End PBXNativeTarget section */

/* Begin PBXProject section */
		8F9BDAF228E57BCA00C8FD14 /* Project object */ = {
			isa = PBXProject;
			attributes = {
				BuildIndependentTargetsInParallel = 1;
				LastSwiftUpdateCheck = 1340;
				LastUpgradeCheck = 1340;
				TargetAttributes = {
					8F9BDAF928E57BCA00C8FD14 = {
						CreatedOnToolsVersion = 13.4;
					};
				};
			};
			buildConfigurationList = 8F9BDAF528E57BCA00C8FD14 /* Build configuration list for PBXProject "Certi_012" */;
			compatibilityVersion = "Xcode 13.0";
			developmentRegion = en;
			hasScannedForEncodings = 0;
			knownRegions = (
				en,
				Base,
			);
			mainGroup = 8F9BDAF128E57BCA00C8FD14;
			productRefGroup = 8F9BDAFB28E57BCA00C8FD14 /* Products */;
			projectDirPath = "";
			projectRoot = "";
			targets = (
				8F9BDAF928E57BCA00C8FD14 /* Certi_012 */,
			);
		};
/* End PBXProject section */

/* Begin PBXResourcesBuildPhase section */
		8F9BDAF828E57BCA00C8FD14 /* Resources */ = {
			isa = PBXResourcesBuildPhase;
			buildActionMask = 2147483647;
			files = (
				8F9BDB1B28E57C2700C8FD14 /* AddSubViewController.xib in Resources */,
				8F9BDB0A28E57BCB00C8FD14 /* LaunchScreen.storyboard in Resources */,
				8F9BDB0728E57BCB00C8FD14 /* Assets.xcassets in Resources */,
				8F9BDB2028E57C2B00C8FD14 /* BaseViewController.xib in Resources */,
				8F9BDB0528E57BCA00C8FD14 /* Main.storyboard in Resources */,
				8F9BDB1528E57C2200C8FD14 /* HomeViewController.xib in Resources */,
			);
			runOnlyForDeploymentPostprocessing = 0;
		};
/* End PBXResourcesBuildPhase section */

/* Begin PBXShellScriptBuildPhase section */
		B48CF13ECC2C1C386EFDE837 /* [CP] Check Pods Manifest.lock */ = {
			isa = PBXShellScriptBuildPhase;
			buildActionMask = 2147483647;
			files = (
			);
			inputFileListPaths = (
			);
			inputPaths = (
				"${PODS_PODFILE_DIR_PATH}/Podfile.lock",
				"${PODS_ROOT}/Manifest.lock",
			);
			name = "[CP] Check Pods Manifest.lock";
			outputFileListPaths = (
			);
			outputPaths = (
				"$(DERIVED_FILE_DIR)/Pods-Certi_012-checkManifestLockResult.txt",
			);
			runOnlyForDeploymentPostprocessing = 0;
			shellPath = /bin/sh;
			shellScript = "diff \"${PODS_PODFILE_DIR_PATH}/Podfile.lock\" \"${PODS_ROOT}/Manifest.lock\" > /dev/null\nif [ $? != 0 ] ; then\n    # print error to STDERR\n    echo \"error: The sandbox is not in sync with the Podfile.lock. Run 'pod install' or update your CocoaPods installation.\" >&2\n    exit 1\nfi\n# This output is used by Xcode 'outputs' to avoid re-running this script phase.\necho \"SUCCESS\" > \"${SCRIPT_OUTPUT_FILE_0}\"\n";
			showEnvVarsInLog = 0;
		};
		C49B68BA0EE257703DC106B3 /* [CP] Embed Pods Frameworks */ = {
			isa = PBXShellScriptBuildPhase;
			buildActionMask = 2147483647;
			files = (
			);
			inputFileListPaths = (
				"${PODS_ROOT}/Target Support Files/Pods-Certi_012/Pods-Certi_012-frameworks-${CONFIGURATION}-input-files.xcfilelist",
			);
			name = "[CP] Embed Pods Frameworks";
			outputFileListPaths = (
				"${PODS_ROOT}/Target Support Files/Pods-Certi_012/Pods-Certi_012-frameworks-${CONFIGURATION}-output-files.xcfilelist",
			);
			runOnlyForDeploymentPostprocessing = 0;
			shellPath = /bin/sh;
			shellScript = "\"${PODS_ROOT}/Target Support Files/Pods-Certi_012/Pods-Certi_012-frameworks.sh\"\n";
			showEnvVarsInLog = 0;
		};
/* End PBXShellScriptBuildPhase section */

/* Begin PBXSourcesBuildPhase section */
		8F9BDAF628E57BCA00C8FD14 /* Sources */ = {
			isa = PBXSourcesBuildPhase;
			buildActionMask = 2147483647;
			files = (
				8F9BDB0228E57BCA00C8FD14 /* ViewController.swift in Sources */,
				8F9BDB3228E57C3000C8FD14 /* UINavigationBar.swift in Sources */,
				8F9BDAFE28E57BCA00C8FD14 /* AppDelegate.swift in Sources */,
				8F9BDB3128E57C3000C8FD14 /* UIViewController.swift in Sources */,
				8F9BDB2F28E57C3000C8FD14 /* String.swift in Sources */,
				8F9BDB0028E57BCA00C8FD14 /* SceneDelegate.swift in Sources */,
				8F9BDB2D28E57C3000C8FD14 /* Date.swift in Sources */,
				8F9BDB2E28E57C3000C8FD14 /* UIColor.swift in Sources */,
				8F9BDB2C28E57C3000C8FD14 /* IndicatorView.swift in Sources */,
				8F9BDB3428E57C3000C8FD14 /* Device.swift in Sources */,
				8F9BDB1A28E57C2700C8FD14 /* AddSubViewController.swift in Sources */,
				8F9BDB3328E57C3000C8FD14 /* UIFont.swift in Sources */,
				8F9BDB3028E57C3000C8FD14 /* UIButton.swift in Sources */,
				8F9BDB1628E57C2200C8FD14 /* HomeViewController.swift in Sources */,
				8F9BDB1F28E57C2B00C8FD14 /* BaseViewController.swift in Sources */,
			);
			runOnlyForDeploymentPostprocessing = 0;
		};
/* End PBXSourcesBuildPhase section */

/* Begin PBXVariantGroup section */
		8F9BDB0328E57BCA00C8FD14 /* Main.storyboard */ = {
			isa = PBXVariantGroup;
			children = (
				8F9BDB0428E57BCA00C8FD14 /* Base */,
			);
			name = Main.storyboard;
			sourceTree = "<group>";
		};
		8F9BDB0828E57BCB00C8FD14 /* LaunchScreen.storyboard */ = {
			isa = PBXVariantGroup;
			children = (
				8F9BDB0928E57BCB00C8FD14 /* Base */,
			);
			name = LaunchScreen.storyboard;
			sourceTree = "<group>";
		};
/* End PBXVariantGroup section */

/* Begin XCBuildConfiguration section */
		8F9BDB0C28E57BCB00C8FD14 /* Debug */ = {
			isa = XCBuildConfiguration;
			buildSettings = {
				ALWAYS_SEARCH_USER_PATHS = NO;
				CLANG_ANALYZER_NONNULL = YES;
				CLANG_ANALYZER_NUMBER_OBJECT_CONVERSION = YES_AGGRESSIVE;
				CLANG_CXX_LANGUAGE_STANDARD = "gnu++17";
				CLANG_ENABLE_MODULES = YES;
				CLANG_ENABLE_OBJC_ARC = YES;
				CLANG_ENABLE_OBJC_WEAK = YES;
				CLANG_WARN_BLOCK_CAPTURE_AUTORELEASING = YES;
				CLANG_WARN_BOOL_CONVERSION = YES;
				CLANG_WARN_COMMA = YES;
				CLANG_WARN_CONSTANT_CONVERSION = YES;
				CLANG_WARN_DEPRECATED_OBJC_IMPLEMENTATIONS = YES;
				CLANG_WARN_DIRECT_OBJC_ISA_USAGE = YES_ERROR;
				CLANG_WARN_DOCUMENTATION_COMMENTS = YES;
				CLANG_WARN_EMPTY_BODY = YES;
				CLANG_WARN_ENUM_CONVERSION = YES;
				CLANG_WARN_INFINITE_RECURSION = YES;
				CLANG_WARN_INT_CONVERSION = YES;
				CLANG_WARN_NON_LITERAL_NULL_CONVERSION = YES;
				CLANG_WARN_OBJC_IMPLICIT_RETAIN_SELF = YES;
				CLANG_WARN_OBJC_LITERAL_CONVERSION = YES;
				CLANG_WARN_OBJC_ROOT_CLASS = YES_ERROR;
				CLANG_WARN_QUOTED_INCLUDE_IN_FRAMEWORK_HEADER = YES;
				CLANG_WARN_RANGE_LOOP_ANALYSIS = YES;
				CLANG_WARN_STRICT_PROTOTYPES = YES;
				CLANG_WARN_SUSPICIOUS_MOVE = YES;
				CLANG_WARN_UNGUARDED_AVAILABILITY = YES_AGGRESSIVE;
				CLANG_WARN_UNREACHABLE_CODE = YES;
				CLANG_WARN__DUPLICATE_METHOD_MATCH = YES;
				COPY_PHASE_STRIP = NO;
				DEBUG_INFORMATION_FORMAT = dwarf;
				ENABLE_STRICT_OBJC_MSGSEND = YES;
				ENABLE_TESTABILITY = YES;
				GCC_C_LANGUAGE_STANDARD = gnu11;
				GCC_DYNAMIC_NO_PIC = NO;
				GCC_NO_COMMON_BLOCKS = YES;
				GCC_OPTIMIZATION_LEVEL = 0;
				GCC_PREPROCESSOR_DEFINITIONS = (
					"DEBUG=1",
					"$(inherited)",
				);
				GCC_WARN_64_TO_32_BIT_CONVERSION = YES;
				GCC_WARN_ABOUT_RETURN_TYPE = YES_ERROR;
				GCC_WARN_UNDECLARED_SELECTOR = YES;
				GCC_WARN_UNINITIALIZED_AUTOS = YES_AGGRESSIVE;
				GCC_WARN_UNUSED_FUNCTION = YES;
				GCC_WARN_UNUSED_VARIABLE = YES;
				IPHONEOS_DEPLOYMENT_TARGET = 15.5;
				MTL_ENABLE_DEBUG_INFO = INCLUDE_SOURCE;
				MTL_FAST_MATH = YES;
				ONLY_ACTIVE_ARCH = YES;
				SDKROOT = iphoneos;
				SWIFT_ACTIVE_COMPILATION_CONDITIONS = DEBUG;
				SWIFT_OPTIMIZATION_LEVEL = "-Onone";
			};
			name = Debug;
		};
		8F9BDB0D28E57BCB00C8FD14 /* Release */ = {
			isa = XCBuildConfiguration;
			buildSettings = {
				ALWAYS_SEARCH_USER_PATHS = NO;
				CLANG_ANALYZER_NONNULL = YES;
				CLANG_ANALYZER_NUMBER_OBJECT_CONVERSION = YES_AGGRESSIVE;
				CLANG_CXX_LANGUAGE_STANDARD = "gnu++17";
				CLANG_ENABLE_MODULES = YES;
				CLANG_ENABLE_OBJC_ARC = YES;
				CLANG_ENABLE_OBJC_WEAK = YES;
				CLANG_WARN_BLOCK_CAPTURE_AUTORELEASING = YES;
				CLANG_WARN_BOOL_CONVERSION = YES;
				CLANG_WARN_COMMA = YES;
				CLANG_WARN_CONSTANT_CONVERSION = YES;
				CLANG_WARN_DEPRECATED_OBJC_IMPLEMENTATIONS = YES;
				CLANG_WARN_DIRECT_OBJC_ISA_USAGE = YES_ERROR;
				CLANG_WARN_DOCUMENTATION_COMMENTS = YES;
				CLANG_WARN_EMPTY_BODY = YES;
				CLANG_WARN_ENUM_CONVERSION = YES;
				CLANG_WARN_INFINITE_RECURSION = YES;
				CLANG_WARN_INT_CONVERSION = YES;
				CLANG_WARN_NON_LITERAL_NULL_CONVERSION = YES;
				CLANG_WARN_OBJC_IMPLICIT_RETAIN_SELF = YES;
				CLANG_WARN_OBJC_LITERAL_CONVERSION = YES;
				CLANG_WARN_OBJC_ROOT_CLASS = YES_ERROR;
				CLANG_WARN_QUOTED_INCLUDE_IN_FRAMEWORK_HEADER = YES;
				CLANG_WARN_RANGE_LOOP_ANALYSIS = YES;
				CLANG_WARN_STRICT_PROTOTYPES = YES;
				CLANG_WARN_SUSPICIOUS_MOVE = YES;
				CLANG_WARN_UNGUARDED_AVAILABILITY = YES_AGGRESSIVE;
				CLANG_WARN_UNREACHABLE_CODE = YES;
				CLANG_WARN__DUPLICATE_METHOD_MATCH = YES;
				COPY_PHASE_STRIP = NO;
				DEBUG_INFORMATION_FORMAT = "dwarf-with-dsym";
				ENABLE_NS_ASSERTIONS = NO;
				ENABLE_STRICT_OBJC_MSGSEND = YES;
				GCC_C_LANGUAGE_STANDARD = gnu11;
				GCC_NO_COMMON_BLOCKS = YES;
				GCC_WARN_64_TO_32_BIT_CONVERSION = YES;
				GCC_WARN_ABOUT_RETURN_TYPE = YES_ERROR;
				GCC_WARN_UNDECLARED_SELECTOR = YES;
				GCC_WARN_UNINITIALIZED_AUTOS = YES_AGGRESSIVE;
				GCC_WARN_UNUSED_FUNCTION = YES;
				GCC_WARN_UNUSED_VARIABLE = YES;
				IPHONEOS_DEPLOYMENT_TARGET = 15.5;
				MTL_ENABLE_DEBUG_INFO = NO;
				MTL_FAST_MATH = YES;
				SDKROOT = iphoneos;
				SWIFT_COMPILATION_MODE = wholemodule;
				SWIFT_OPTIMIZATION_LEVEL = "-O";
				VALIDATE_PRODUCT = YES;
			};
			name = Release;
		};
		8F9BDB0F28E57BCB00C8FD14 /* Debug */ = {
			isa = XCBuildConfiguration;
			baseConfigurationReference = 07C39CA4E89A269AA05AFFF8 /* Pods-Certi_012.debug.xcconfig */;
			buildSettings = {
				ASSETCATALOG_COMPILER_APPICON_NAME = AppIcon;
				ASSETCATALOG_COMPILER_GLOBAL_ACCENT_COLOR_NAME = AccentColor;
				CODE_SIGN_STYLE = Automatic;
				CURRENT_PROJECT_VERSION = 1;
				DEVELOPMENT_TEAM = J3VY94B3FG;
				GENERATE_INFOPLIST_FILE = YES;
				INFOPLIST_FILE = Certi_012/Info.plist;
				INFOPLIST_KEY_UIApplicationSupportsIndirectInputEvents = YES;
				INFOPLIST_KEY_UILaunchStoryboardName = LaunchScreen;
				INFOPLIST_KEY_UIMainStoryboardFile = Main;
				INFOPLIST_KEY_UISupportedInterfaceOrientations_iPad = "UIInterfaceOrientationPortrait UIInterfaceOrientationPortraitUpsideDown UIInterfaceOrientationLandscapeLeft UIInterfaceOrientationLandscapeRight";
				INFOPLIST_KEY_UISupportedInterfaceOrientations_iPhone = "UIInterfaceOrientationPortrait UIInterfaceOrientationLandscapeLeft UIInterfaceOrientationLandscapeRight";
				LD_RUNPATH_SEARCH_PATHS = (
					"$(inherited)",
					"@executable_path/Frameworks",
				);
				MARKETING_VERSION = 1.0;
				PRODUCT_BUNDLE_IDENTIFIER = "com.ahneve.Certi-012";
				PRODUCT_NAME = "$(TARGET_NAME)";
				SWIFT_EMIT_LOC_STRINGS = YES;
				SWIFT_VERSION = 5.0;
				TARGETED_DEVICE_FAMILY = "1,2";
			};
			name = Debug;
		};
		8F9BDB1028E57BCB00C8FD14 /* Release */ = {
			isa = XCBuildConfiguration;
			baseConfigurationReference = 0C4FB3B4D50446C4782AB9F9 /* Pods-Certi_012.release.xcconfig */;
			buildSettings = {
				ASSETCATALOG_COMPILER_APPICON_NAME = AppIcon;
				ASSETCATALOG_COMPILER_GLOBAL_ACCENT_COLOR_NAME = AccentColor;
				CODE_SIGN_STYLE = Automatic;
				CURRENT_PROJECT_VERSION = 1;
				DEVELOPMENT_TEAM = J3VY94B3FG;
				GENERATE_INFOPLIST_FILE = YES;
				INFOPLIST_FILE = Certi_012/Info.plist;
				INFOPLIST_KEY_UIApplicationSupportsIndirectInputEvents = YES;
				INFOPLIST_KEY_UILaunchStoryboardName = LaunchScreen;
				INFOPLIST_KEY_UIMainStoryboardFile = Main;
				INFOPLIST_KEY_UISupportedInterfaceOrientations_iPad = "UIInterfaceOrientationPortrait UIInterfaceOrientationPortraitUpsideDown UIInterfaceOrientationLandscapeLeft UIInterfaceOrientationLandscapeRight";
				INFOPLIST_KEY_UISupportedInterfaceOrientations_iPhone = "UIInterfaceOrientationPortrait UIInterfaceOrientationLandscapeLeft UIInterfaceOrientationLandscapeRight";
				LD_RUNPATH_SEARCH_PATHS = (
					"$(inherited)",
					"@executable_path/Frameworks",
				);
				MARKETING_VERSION = 1.0;
				PRODUCT_BUNDLE_IDENTIFIER = "com.ahneve.Certi-012";
				PRODUCT_NAME = "$(TARGET_NAME)";
				SWIFT_EMIT_LOC_STRINGS = YES;
				SWIFT_VERSION = 5.0;
				TARGETED_DEVICE_FAMILY = "1,2";
			};
			name = Release;
		};
/* End XCBuildConfiguration section */

/* Begin XCConfigurationList section */
		8F9BDAF528E57BCA00C8FD14 /* Build configuration list for PBXProject "Certi_012" */ = {
			isa = XCConfigurationList;
			buildConfigurations = (
				8F9BDB0C28E57BCB00C8FD14 /* Debug */,
				8F9BDB0D28E57BCB00C8FD14 /* Release */,
			);
			defaultConfigurationIsVisible = 0;
			defaultConfigurationName = Release;
		};
		8F9BDB0E28E57BCB00C8FD14 /* Build configuration list for PBXNativeTarget "Certi_012" */ = {
			isa = XCConfigurationList;
			buildConfigurations = (
				8F9BDB0F28E57BCB00C8FD14 /* Debug */,
				8F9BDB1028E57BCB00C8FD14 /* Release */,
			);
			defaultConfigurationIsVisible = 0;
			defaultConfigurationName = Release;
		};
/* End XCConfigurationList section */
	};
	rootObject = 8F9BDAF228E57BCA00C8FD14 /* Project object */;
}
